// !$*UTF8*$!
{
	archiveVersion = 1;
	classes = {
	};
	objectVersion = 46;
	objects = {

/* Begin PBXBuildFile section */
		E918DE6C1DF8EF4800A29E8C /* main.m in Sources */ = {isa = PBXBuildFile; fileRef = E918DE6B1DF8EF4800A29E8C /* main.m */; };
		E918DE751DF8EF4800A29E8C /* Main.storyboard in Resources */ = {isa = PBXBuildFile; fileRef = E918DE731DF8EF4800A29E8C /* Main.storyboard */; };
		E918DE771DF8EF4900A29E8C /* Assets.xcassets in Resources */ = {isa = PBXBuildFile; fileRef = E918DE761DF8EF4900A29E8C /* Assets.xcassets */; };
		E918DE7A1DF8EF4900A29E8C /* LaunchScreen.storyboard in Resources */ = {isa = PBXBuildFile; fileRef = E918DE781DF8EF4900A29E8C /* LaunchScreen.storyboard */; };
		E918DE851DF8EF4900A29E8C /* DHSeparateTextFieldTests.m in Sources */ = {isa = PBXBuildFile; fileRef = E918DE841DF8EF4900A29E8C /* DHSeparateTextFieldTests.m */; };
		E918DE901DF8EF4900A29E8C /* DHSeparateTextFieldUITests.m in Sources */ = {isa = PBXBuildFile; fileRef = E918DE8F1DF8EF4900A29E8C /* DHSeparateTextFieldUITests.m */; };
		E918DE9F1DF8EFB400A29E8C /* DHSeparatorTextField.m in Sources */ = {isa = PBXBuildFile; fileRef = E918DE9E1DF8EFB400A29E8C /* DHSeparatorTextField.m */; };
		E918DEA41DF8EFCA00A29E8C /* AppDelegate.m in Sources */ = {isa = PBXBuildFile; fileRef = E918DEA11DF8EFCA00A29E8C /* AppDelegate.m */; };
		E918DEA51DF8EFCA00A29E8C /* ViewController.m in Sources */ = {isa = PBXBuildFile; fileRef = E918DEA31DF8EFCA00A29E8C /* ViewController.m */; };
/* End PBXBuildFile section */

/* Begin PBXContainerItemProxy section */
		E918DE811DF8EF4900A29E8C /* PBXContainerItemProxy */ = {
			isa = PBXContainerItemProxy;
			containerPortal = E918DE5F1DF8EF4800A29E8C /* Project object */;
			proxyType = 1;
			remoteGlobalIDString = E918DE661DF8EF4800A29E8C;
			remoteInfo = DHSeparateTextField;
		};
		E918DE8C1DF8EF4900A29E8C /* PBXContainerItemProxy */ = {
			isa = PBXContainerItemProxy;
			containerPortal = E918DE5F1DF8EF4800A29E8C /* Project object */;
			proxyType = 1;
			remoteGlobalIDString = E918DE661DF8EF4800A29E8C;
			remoteInfo = DHSeparateTextField;
		};
/* End PBXContainerItemProxy section */

/* Begin PBXFileReference section */
		E918DE671DF8EF4800A29E8C /* DHSeparateTextField.app */ = {isa = PBXFileReference; explicitFileType = wrapper.application; includeInIndex = 0; path = DHSeparateTextField.app; sourceTree = BUILT_PRODUCTS_DIR; };
		E918DE6B1DF8EF4800A29E8C /* main.m */ = {isa = PBXFileReference; lastKnownFileType = sourcecode.c.objc; path = main.m; sourceTree = "<group>"; };
		E918DE741DF8EF4800A29E8C /* Base */ = {isa = PBXFileReference; lastKnownFileType = file.storyboard; name = Base; path = Base.lproj/Main.storyboard; sourceTree = "<group>"; };
		E918DE761DF8EF4900A29E8C /* Assets.xcassets */ = {isa = PBXFileReference; lastKnownFileType = folder.assetcatalog; path = Assets.xcassets; sourceTree = "<group>"; };
		E918DE791DF8EF4900A29E8C /* Base */ = {isa = PBXFileReference; lastKnownFileType = file.storyboard; name = Base; path = Base.lproj/LaunchScreen.storyboard; sourceTree = "<group>"; };
		E918DE7B1DF8EF4900A29E8C /* Info.plist */ = {isa = PBXFileReference; lastKnownFileType = text.plist.xml; path = Info.plist; sourceTree = "<group>"; };
		E918DE801DF8EF4900A29E8C /* DHSeparateTextFieldTests.xctest */ = {isa = PBXFileReference; explicitFileType = wrapper.cfbundle; includeInIndex = 0; path = DHSeparateTextFieldTests.xctest; sourceTree = BUILT_PRODUCTS_DIR; };
		E918DE841DF8EF4900A29E8C /* DHSeparateTextFieldTests.m */ = {isa = PBXFileReference; lastKnownFileType = sourcecode.c.objc; path = DHSeparateTextFieldTests.m; sourceTree = "<group>"; };
		E918DE861DF8EF4900A29E8C /* Info.plist */ = {isa = PBXFileReference; lastKnownFileType = text.plist.xml; path = Info.plist; sourceTree = "<group>"; };
		E918DE8B1DF8EF4900A29E8C /* DHSeparateTextFieldUITests.xctest */ = {isa = PBXFileReference; explicitFileType = wrapper.cfbundle; includeInIndex = 0; path = DHSeparateTextFieldUITests.xctest; sourceTree = BUILT_PRODUCTS_DIR; };
		E918DE8F1DF8EF4900A29E8C /* DHSeparateTextFieldUITests.m */ = {isa = PBXFileReference; lastKnownFileType = sourcecode.c.objc; path = DHSeparateTextFieldUITests.m; sourceTree = "<group>"; };
		E918DE911DF8EF4900A29E8C /* Info.plist */ = {isa = PBXFileReference; lastKnownFileType = text.plist.xml; path = Info.plist; sourceTree = "<group>"; };
		E918DE9D1DF8EFB400A29E8C /* DHSeparatorTextField.h */ = {isa = PBXFileReference; fileEncoding = 4; lastKnownFileType = sourcecode.c.h; path = DHSeparatorTextField.h; sourceTree = "<group>"; };
		E918DE9E1DF8EFB400A29E8C /* DHSeparatorTextField.m */ = {isa = PBXFileReference; fileEncoding = 4; lastKnownFileType = sourcecode.c.objc; path = DHSeparatorTextField.m; sourceTree = "<group>"; };
		E918DEA01DF8EFCA00A29E8C /* AppDelegate.h */ = {isa = PBXFileReference; fileEncoding = 4; lastKnownFileType = sourcecode.c.h; path = AppDelegate.h; sourceTree = "<group>"; };
		E918DEA11DF8EFCA00A29E8C /* AppDelegate.m */ = {isa = PBXFileReference; fileEncoding = 4; lastKnownFileType = sourcecode.c.objc; path = AppDelegate.m; sourceTree = "<group>"; };
		E918DEA21DF8EFCA00A29E8C /* ViewController.h */ = {isa = PBXFileReference; fileEncoding = 4; lastKnownFileType = sourcecode.c.h; path = ViewController.h; sourceTree = "<group>"; };
		E918DEA31DF8EFCA00A29E8C /* ViewController.m */ = {isa = PBXFileReference; fileEncoding = 4; lastKnownFileType = sourcecode.c.objc; path = ViewController.m; sourceTree = "<group>"; };
/* End PBXFileReference section */

/* Begin PBXFrameworksBuildPhase section */
		E918DE641DF8EF4800A29E8C /* Frameworks */ = {
			isa = PBXFrameworksBuildPhase;
			buildActionMask = 2147483647;
			files = (
			);
			runOnlyForDeploymentPostprocessing = 0;
		};
		E918DE7D1DF8EF4900A29E8C /* Frameworks */ = {
			isa = PBXFrameworksBuildPhase;
			buildActionMask = 2147483647;
			files = (
			);
			runOnlyForDeploymentPostprocessing = 0;
		};
		E918DE881DF8EF4900A29E8C /* Frameworks */ = {
			isa = PBXFrameworksBuildPhase;
			buildActionMask = 2147483647;
			files = (
			);
			runOnlyForDeploymentPostprocessing = 0;
		};
/* End PBXFrameworksBuildPhase section */

/* Begin PBXGroup section */
		E918DE5E1DF8EF4800A29E8C = {
			isa = PBXGroup;
			children = (
				E918DE691DF8EF4800A29E8C /* DHSeparateTextField */,
				E918DE831DF8EF4900A29E8C /* DHSeparateTextFieldTests */,
				E918DE8E1DF8EF4900A29E8C /* DHSeparateTextFieldUITests */,
				E918DE681DF8EF4800A29E8C /* Products */,
			);
			sourceTree = "<group>";
		};
		E918DE681DF8EF4800A29E8C /* Products */ = {
			isa = PBXGroup;
			children = (
				E918DE671DF8EF4800A29E8C /* DHSeparateTextField.app */,
				E918DE801DF8EF4900A29E8C /* DHSeparateTextFieldTests.xctest */,
				E918DE8B1DF8EF4900A29E8C /* DHSeparateTextFieldUITests.xctest */,
			);
			name = Products;
			sourceTree = "<group>";
		};
		E918DE691DF8EF4800A29E8C /* DHSeparateTextField */ = {
			isa = PBXGroup;
			children = (
				E918DEA01DF8EFCA00A29E8C /* AppDelegate.h */,
				E918DEA11DF8EFCA00A29E8C /* AppDelegate.m */,
				E918DEA21DF8EFCA00A29E8C /* ViewController.h */,
				E918DEA31DF8EFCA00A29E8C /* ViewController.m */,
				E918DE9D1DF8EFB400A29E8C /* DHSeparatorTextField.h */,
				E918DE9E1DF8EFB400A29E8C /* DHSeparatorTextField.m */,
				E918DE731DF8EF4800A29E8C /* Main.storyboard */,
				E918DE761DF8EF4900A29E8C /* Assets.xcassets */,
				E918DE781DF8EF4900A29E8C /* LaunchScreen.storyboard */,
				E918DE7B1DF8EF4900A29E8C /* Info.plist */,
				E918DE6A1DF8EF4800A29E8C /* Supporting Files */,
			);
			path = DHSeparateTextField;
			sourceTree = "<group>";
		};
		E918DE6A1DF8EF4800A29E8C /* Supporting Files */ = {
			isa = PBXGroup;
			children = (
				E918DE6B1DF8EF4800A29E8C /* main.m */,
			);
			name = "Supporting Files";
			sourceTree = "<group>";
		};
		E918DE831DF8EF4900A29E8C /* DHSeparateTextFieldTests */ = {
			isa = PBXGroup;
			children = (
				E918DE841DF8EF4900A29E8C /* DHSeparateTextFieldTests.m */,
				E918DE861DF8EF4900A29E8C /* Info.plist */,
			);
			path = DHSeparateTextFieldTests;
			sourceTree = "<group>";
		};
		E918DE8E1DF8EF4900A29E8C /* DHSeparateTextFieldUITests */ = {
			isa = PBXGroup;
			children = (
				E918DE8F1DF8EF4900A29E8C /* DHSeparateTextFieldUITests.m */,
				E918DE911DF8EF4900A29E8C /* Info.plist */,
			);
			path = DHSeparateTextFieldUITests;
			sourceTree = "<group>";
		};
/* End PBXGroup section */

/* Begin PBXNativeTarget section */
		E918DE661DF8EF4800A29E8C /* DHSeparateTextField */ = {
			isa = PBXNativeTarget;
			buildConfigurationList = E918DE941DF8EF4900A29E8C /* Build configuration list for PBXNativeTarget "DHSeparateTextField" */;
			buildPhases = (
				E918DE631DF8EF4800A29E8C /* Sources */,
				E918DE641DF8EF4800A29E8C /* Frameworks */,
				E918DE651DF8EF4800A29E8C /* Resources */,
			);
			buildRules = (
			);
			dependencies = (
			);
			name = DHSeparateTextField;
			productName = DHSeparateTextField;
			productReference = E918DE671DF8EF4800A29E8C /* DHSeparateTextField.app */;
			productType = "com.apple.product-type.application";
		};
		E918DE7F1DF8EF4900A29E8C /* DHSeparateTextFieldTests */ = {
			isa = PBXNativeTarget;
			buildConfigurationList = E918DE971DF8EF4900A29E8C /* Build configuration list for PBXNativeTarget "DHSeparateTextFieldTests" */;
			buildPhases = (
				E918DE7C1DF8EF4900A29E8C /* Sources */,
				E918DE7D1DF8EF4900A29E8C /* Frameworks */,
				E918DE7E1DF8EF4900A29E8C /* Resources */,
			);
			buildRules = (
			);
			dependencies = (
				E918DE821DF8EF4900A29E8C /* PBXTargetDependency */,
			);
			name = DHSeparateTextFieldTests;
			productName = DHSeparateTextFieldTests;
			productReference = E918DE801DF8EF4900A29E8C /* DHSeparateTextFieldTests.xctest */;
			productType = "com.apple.product-type.bundle.unit-test";
		};
		E918DE8A1DF8EF4900A29E8C /* DHSeparateTextFieldUITests */ = {
			isa = PBXNativeTarget;
			buildConfigurationList = E918DE9A1DF8EF4900A29E8C /* Build configuration list for PBXNativeTarget "DHSeparateTextFieldUITests" */;
			buildPhases = (
				E918DE871DF8EF4900A29E8C /* Sources */,
				E918DE881DF8EF4900A29E8C /* Frameworks */,
				E918DE891DF8EF4900A29E8C /* Resources */,
			);
			buildRules = (
			);
			dependencies = (
				E918DE8D1DF8EF4900A29E8C /* PBXTargetDependency */,
			);
			name = DHSeparateTextFieldUITests;
			productName = DHSeparateTextFieldUITests;
			productReference = E918DE8B1DF8EF4900A29E8C /* DHSeparateTextFieldUITests.xctest */;
			productType = "com.apple.product-type.bundle.ui-testing";
		};
/* End PBXNativeTarget section */

/* Begin PBXProject section */
		E918DE5F1DF8EF4800A29E8C /* Project object */ = {
			isa = PBXProject;
			attributes = {
				LastUpgradeCheck = 0810;
				ORGANIZATIONNAME = LiuDunhui;
				TargetAttributes = {
					E918DE661DF8EF4800A29E8C = {
						CreatedOnToolsVersion = 8.1;
						ProvisioningStyle = Automatic;
					};
					E918DE7F1DF8EF4900A29E8C = {
						CreatedOnToolsVersion = 8.1;
						ProvisioningStyle = Automatic;
						TestTargetID = E918DE661DF8EF4800A29E8C;
					};
					E918DE8A1DF8EF4900A29E8C = {
						CreatedOnToolsVersion = 8.1;
						ProvisioningStyle = Automatic;
						TestTargetID = E918DE661DF8EF4800A29E8C;
					};
				};
			};
			buildConfigurationList = E918DE621DF8EF4800A29E8C /* Build configuration list for PBXProject "DHSeparateTextField" */;
			compatibilityVersion = "Xcode 3.2";
			developmentRegion = English;
			hasScannedForEncodings = 0;
			knownRegions = (
				en,
				Base,
			);
			mainGroup = E918DE5E1DF8EF4800A29E8C;
			productRefGroup = E918DE681DF8EF4800A29E8C /* Products */;
			projectDirPath = "";
			projectRoot = "";
			targets = (
				E918DE661DF8EF4800A29E8C /* DHSeparateTextField */,
				E918DE7F1DF8EF4900A29E8C /* DHSeparateTextFieldTests */,
				E918DE8A1DF8EF4900A29E8C /* DHSeparateTextFieldUITests */,
			);
		};
/* End PBXProject section */

/* Begin PBXResourcesBuildPhase section */
		E918DE651DF8EF4800A29E8C /* Resources */ = {
			isa = PBXResourcesBuildPhase;
			buildActionMask = 2147483647;
			files = (
				E918DE7A1DF8EF4900A29E8C /* LaunchScreen.storyboard in Resources */,
				E918DE771DF8EF4900A29E8C /* Assets.xcassets in Resources */,
				E918DE751DF8EF4800A29E8C /* Main.storyboard in Resources */,
			);
			runOnlyForDeploymentPostprocessing = 0;
		};
		E918DE7E1DF8EF4900A29E8C /* Resources */ = {
			isa = PBXResourcesBuildPhase;
			buildActionMask = 2147483647;
			files = (
			);
			runOnlyForDeploymentPostprocessing = 0;
		};
		E918DE891DF8EF4900A29E8C /* Resources */ = {
			isa = PBXResourcesBuildPhase;
			buildActionMask = 2147483647;
			files = (
			);
			runOnlyForDeploymentPostprocessing = 0;
		};
/* End PBXResourcesBuildPhase section */

/* Begin PBXSourcesBuildPhase section */
		E918DE631DF8EF4800A29E8C /* Sources */ = {
			isa = PBXSourcesBuildPhase;
			buildActionMask = 2147483647;
			files = (
				E918DE6C1DF8EF4800A29E8C /* main.m in Sources */,
				E918DE9F1DF8EFB400A29E8C /* DHSeparatorTextField.m in Sources */,
				E918DEA51DF8EFCA00A29E8C /* ViewController.m in Sources */,
				E918DEA41DF8EFCA00A29E8C /* AppDelegate.m in Sources */,
			);
			runOnlyForDeploymentPostprocessing = 0;
		};
		E918DE7C1DF8EF4900A29E8C /* Sources */ = {
			isa = PBXSourcesBuildPhase;
			buildActionMask = 2147483647;
			files = (
				E918DE851DF8EF4900A29E8C /* DHSeparateTextFieldTests.m in Sources */,
			);
			runOnlyForDeploymentPostprocessing = 0;
		};
		E918DE871DF8EF4900A29E8C /* Sources */ = {
			isa = PBXSourcesBuildPhase;
			buildActionMask = 2147483647;
			files = (
				E918DE901DF8EF4900A29E8C /* DHSeparateTextFieldUITests.m in Sources */,
			);
			runOnlyForDeploymentPostprocessing = 0;
		};
/* End PBXSourcesBuildPhase section */

/* Begin PBXTargetDependency section */
		E918DE821DF8EF4900A29E8C /* PBXTargetDependency */ = {
			isa = PBXTargetDependency;
			target = E918DE661DF8EF4800A29E8C /* DHSeparateTextField */;
			targetProxy = E918DE811DF8EF4900A29E8C /* PBXContainerItemProxy */;
		};
		E918DE8D1DF8EF4900A29E8C /* PBXTargetDependency */ = {
			isa = PBXTargetDependency;
			target = E918DE661DF8EF4800A29E8C /* DHSeparateTextField */;
			targetProxy = E918DE8C1DF8EF4900A29E8C /* PBXContainerItemProxy */;
		};
/* End PBXTargetDependency section */

/* Begin PBXVariantGroup section */
		E918DE731DF8EF4800A29E8C /* Main.storyboard */ = {
			isa = PBXVariantGroup;
			children = (
				E918DE741DF8EF4800A29E8C /* Base */,
			);
			name = Main.storyboard;
			sourceTree = "<group>";
		};
		E918DE781DF8EF4900A29E8C /* LaunchScreen.storyboard */ = {
			isa = PBXVariantGroup;
			children = (
				E918DE791DF8EF4900A29E8C /* Base */,
			);
			name = LaunchScreen.storyboard;
			sourceTree = "<group>";
		};
/* End PBXVariantGroup section */

/* Begin XCBuildConfiguration section */
		E918DE921DF8EF4900A29E8C /* Debug */ = {
			isa = XCBuildConfiguration;
			buildSettings = {
				ALWAYS_SEARCH_USER_PATHS = NO;
				CLANG_ANALYZER_NONNULL = YES;
				CLANG_CXX_LANGUAGE_STANDARD = "gnu++0x";
				CLANG_CXX_LIBRARY = "libc++";
				CLANG_ENABLE_MODULES = YES;
				CLANG_ENABLE_OBJC_ARC = YES;
				CLANG_WARN_BOOL_CONVERSION = YES;
				CLANG_WARN_CONSTANT_CONVERSION = YES;
				CLANG_WARN_DIRECT_OBJC_ISA_USAGE = YES_ERROR;
				CLANG_WARN_DOCUMENTATION_COMMENTS = YES;
				CLANG_WARN_EMPTY_BODY = YES;
				CLANG_WARN_ENUM_CONVERSION = YES;
				CLANG_WARN_INFINITE_RECURSION = YES;
				CLANG_WARN_INT_CONVERSION = YES;
				CLANG_WARN_OBJC_ROOT_CLASS = YES_ERROR;
				CLANG_WARN_SUSPICIOUS_MOVES = YES;
				CLANG_WARN_UNREACHABLE_CODE = YES;
				CLANG_WARN__DUPLICATE_METHOD_MATCH = YES;
				"CODE_SIGN_IDENTITY[sdk=iphoneos*]" = "iPhone Developer";
				COPY_PHASE_STRIP = NO;
				DEBUG_INFORMATION_FORMAT = dwarf;
				ENABLE_STRICT_OBJC_MSGSEND = YES;
				ENABLE_TESTABILITY = YES;
				GCC_C_LANGUAGE_STANDARD = gnu99;
				GCC_DYNAMIC_NO_PIC = NO;
				GCC_NO_COMMON_BLOCKS = YES;
				GCC_OPTIMIZATION_LEVEL = 0;
				GCC_PREPROCESSOR_DEFINITIONS = (
					"DEBUG=1",
					"$(inherited)",
				);
				GCC_WARN_64_TO_32_BIT_CONVERSION = YES;
				GCC_WARN_ABOUT_RETURN_TYPE = YES_ERROR;
				GCC_WARN_UNDECLARED_SELECTOR = YES;
				GCC_WARN_UNINITIALIZED_AUTOS = YES_AGGRESSIVE;
				GCC_WARN_UNUSED_FUNCTION = YES;
				GCC_WARN_UNUSED_VARIABLE = YES;
				IPHONEOS_DEPLOYMENT_TARGET = 10.1;
				MTL_ENABLE_DEBUG_INFO = YES;
				ONLY_ACTIVE_ARCH = YES;
				SDKROOT = iphoneos;
				TARGETED_DEVICE_FAMILY = "1,2";
			};
			name = Debug;
		};
		E918DE931DF8EF4900A29E8C /* Release */ = {
			isa = XCBuildConfiguration;
			buildSettings = {
				ALWAYS_SEARCH_USER_PATHS = NO;
				CLANG_ANALYZER_NONNULL = YES;
				CLANG_CXX_LANGUAGE_STANDARD = "gnu++0x";
				CLANG_CXX_LIBRARY = "libc++";
				CLANG_ENABLE_MODULES = YES;
				CLANG_ENABLE_OBJC_ARC = YES;
				CLANG_WARN_BOOL_CONVERSION = YES;
				CLANG_WARN_CONSTANT_CONVERSION = YES;
				CLANG_WARN_DIRECT_OBJC_ISA_USAGE = YES_ERROR;
				CLANG_WARN_DOCUMENTATION_COMMENTS = YES;
				CLANG_WARN_EMPTY_BODY = YES;
				CLANG_WARN_ENUM_CONVERSION = YES;
				CLANG_WARN_INFINITE_RECURSION = YES;
				CLANG_WARN_INT_CONVERSION = YES;
				CLANG_WARN_OBJC_ROOT_CLASS = YES_ERROR;
				CLANG_WARN_SUSPICIOUS_MOVES = YES;
				CLANG_WARN_UNREACHABLE_CODE = YES;
				CLANG_WARN__DUPLICATE_METHOD_MATCH = YES;
				"CODE_SIGN_IDENTITY[sdk=iphoneos*]" = "iPhone Developer";
				COPY_PHASE_STRIP = NO;
				DEBUG_INFORMATION_FORMAT = "dwarf-with-dsym";
				ENABLE_NS_ASSERTIONS = NO;
				ENABLE_STRICT_OBJC_MSGSEND = YES;
				GCC_C_LANGUAGE_STANDARD = gnu99;
				GCC_NO_COMMON_BLOCKS = YES;
				GCC_WARN_64_TO_32_BIT_CONVERSION = YES;
				GCC_WARN_ABOUT_RETURN_TYPE = YES_ERROR;
				GCC_WARN_UNDECLARED_SELECTOR = YES;
				GCC_WARN_UNINITIALIZED_AUTOS = YES_AGGRESSIVE;
				GCC_WARN_UNUSED_FUNCTION = YES;
				GCC_WARN_UNUSED_VARIABLE = YES;
				IPHONEOS_DEPLOYMENT_TARGET = 10.1;
				MTL_ENABLE_DEBUG_INFO = NO;
				SDKROOT = iphoneos;
				TARGETED_DEVICE_FAMILY = "1,2";
				VALIDATE_PRODUCT = YES;
			};
			name = Release;
		};
		E918DE951DF8EF4900A29E8C /* Debug */ = {
			isa = XCBuildConfiguration;
			buildSettings = {
				ASSETCATALOG_COMPILER_APPICON_NAME = AppIcon;
				INFOPLIST_FILE = DHSeparateTextField/Info.plist;
				LD_RUNPATH_SEARCH_PATHS = "$(inherited) @executable_path/Frameworks";
				PRODUCT_BUNDLE_IDENTIFIER = DH.DHSeparateTextField;
				PRODUCT_NAME = "$(TARGET_NAME)";
			};
			name = Debug;
		};
		E918DE961DF8EF4900A29E8C /* Release */ = {
			isa = XCBuildConfiguration;
			buildSettings = {
				ASSETCATALOG_COMPILER_APPICON_NAME = AppIcon;
				INFOPLIST_FILE = DHSeparateTextField/Info.plist;
				LD_RUNPATH_SEARCH_PATHS = "$(inherited) @executable_path/Frameworks";
				PRODUCT_BUNDLE_IDENTIFIER = DH.DHSeparateTextField;
				PRODUCT_NAME = "$(TARGET_NAME)";
			};
			name = Release;
		};
		E918DE981DF8EF4900A29E8C /* Debug */ = {
			isa = XCBuildConfiguration;
			buildSettings = {
				BUNDLE_LOADER = "$(TEST_HOST)";
				INFOPLIST_FILE = DHSeparateTextFieldTests/Info.plist;
				LD_RUNPATH_SEARCH_PATHS = "$(inherited) @executable_path/Frameworks @loader_path/Frameworks";
				PRODUCT_BUNDLE_IDENTIFIER = DH.DHSeparateTextFieldTests;
				PRODUCT_NAME = "$(TARGET_NAME)";
				TEST_HOST = "$(BUILT_PRODUCTS_DIR)/DHSeparateTextField.app/DHSeparateTextField";
			};
			name = Debug;
		};
		E918DE991DF8EF4900A29E8C /* Release */ = {
			isa = XCBuildConfiguration;
			buildSettings = {
				BUNDLE_LOADER = "$(TEST_HOST)";
				INFOPLIST_FILE = DHSeparateTextFieldTests/Info.plist;
				LD_RUNPATH_SEARCH_PATHS = "$(inherited) @executable_path/Frameworks @loader_path/Frameworks";
				PRODUCT_BUNDLE_IDENTIFIER = DH.DHSeparateTextFieldTests;
				PRODUCT_NAME = "$(TARGET_NAME)";
				TEST_HOST = "$(BUILT_PRODUCTS_DIR)/DHSeparateTextField.app/DHSeparateTextField";
			};
			name = Release;
		};
		E918DE9B1DF8EF4900A29E8C /* Debug */ = {
			isa = XCBuildConfiguration;
			buildSettings = {
				INFOPLIST_FILE = DHSeparateTextFieldUITests/Info.plist;
				LD_RUNPATH_SEARCH_PATHS = "$(inherited) @executable_path/Frameworks @loader_path/Frameworks";
				PRODUCT_BUNDLE_IDENTIFIER = DH.DHSeparateTextFieldUITests;
				PRODUCT_NAME = "$(TARGET_NAME)";
				TEST_TARGET_NAME = DHSeparateTextField;
			};
			name = Debug;
		};
		E918DE9C1DF8EF4900A29E8C /* Release */ = {
			isa = XCBuildConfiguration;
			buildSettings = {
				INFOPLIST_FILE = DHSeparateTextFieldUITests/Info.plist;
				LD_RUNPATH_SEARCH_PATHS = "$(inherited) @executable_path/Frameworks @loader_path/Frameworks";
				PRODUCT_BUNDLE_IDENTIFIER = DH.DHSeparateTextFieldUITests;
				PRODUCT_NAME = "$(TARGET_NAME)";
				TEST_TARGET_NAME = DHSeparateTextField;
			};
			name = Release;
		};
/* End XCBuildConfiguration section */

/* Begin XCConfigurationList section */
		E918DE621DF8EF4800A29E8C /* Build configuration list for PBXProject "DHSeparateTextField" */ = {
			isa = XCConfigurationList;
			buildConfigurations = (
				E918DE921DF8EF4900A29E8C /* Debug */,
				E918DE931DF8EF4900A29E8C /* Release */,
			);
			defaultConfigurationIsVisible = 0;
			defaultConfigurationName = Release;
		};
		E918DE941DF8EF4900A29E8C /* Build configuration list for PBXNativeTarget "DHSeparateTextField" */ = {
			isa = XCConfigurationList;
			buildConfigurations = (
				E918DE951DF8EF4900A29E8C /* Debug */,
				E918DE961DF8EF4900A29E8C /* Release */,
			);
			defaultConfigurationIsVisible = 0;
		};
		E918DE971DF8EF4900A29E8C /* Build configuration list for PBXNativeTarget "DHSeparateTextFieldTests" */ = {
			isa = XCConfigurationList;
			buildConfigurations = (
				E918DE981DF8EF4900A29E8C /* Debug */,
				E918DE991DF8EF4900A29E8C /* Release */,
			);
			defaultConfigurationIsVisible = 0;
		};
		E918DE9A1DF8EF4900A29E8C /* Build configuration list for PBXNativeTarget "DHSeparateTextFieldUITests" */ = {
			isa = XCConfigurationList;
			buildConfigurations = (
				E918DE9B1DF8EF4900A29E8C /* Debug */,
				E918DE9C1DF8EF4900A29E8C /* Release */,
			);
			defaultConfigurationIsVisible = 0;
		};
/* End XCConfigurationList section */
	};
	rootObject = E918DE5F1DF8EF4800A29E8C /* Project object */;
}
